// !$*UTF8*$!
{
	archiveVersion = 1;
	classes = {
	};
	objectVersion = 50;
	objects = {

/* Begin PBXBuildFile section */
		2FC48038224F87D7006BA3D1 /* MTLTypeMapping.h in Headers */ = {isa = PBXBuildFile; fileRef = 2FC48024224F87D7006BA3D1 /* MTLTypeMapping.h */; };
		2FC48039224F87D7006BA3D1 /* ViewMTL.h in Headers */ = {isa = PBXBuildFile; fileRef = 2FC48025224F87D7006BA3D1 /* ViewMTL.h */; };
		2FC4803A224F87D7006BA3D1 /* SwapchainMTL.h in Headers */ = {isa = PBXBuildFile; fileRef = 2FC48026224F87D7006BA3D1 /* SwapchainMTL.h */; };
		2FC4803B224F87D7006BA3D1 /* ViewMTL.mm in Sources */ = {isa = PBXBuildFile; fileRef = 2FC48027224F87D7006BA3D1 /* ViewMTL.mm */; };
		2FC4803C224F87D7006BA3D1 /* BufferMTL.mm in Sources */ = {isa = PBXBuildFile; fileRef = 2FC48028224F87D7006BA3D1 /* BufferMTL.mm */; };
		2FC4803D224F87D7006BA3D1 /* SwapchainMTL.mm in Sources */ = {isa = PBXBuildFile; fileRef = 2FC48029224F87D7006BA3D1 /* SwapchainMTL.mm */; };
		2FC4803E224F87D7006BA3D1 /* MetalInc.h in Headers */ = {isa = PBXBuildFile; fileRef = 2FC4802A224F87D7006BA3D1 /* MetalInc.h */; };
		2FC4803F224F87D7006BA3D1 /* BufferMTL.h in Headers */ = {isa = PBXBuildFile; fileRef = 2FC4802B224F87D7006BA3D1 /* BufferMTL.h */; };
		2FC48040224F87D7006BA3D1 /* TextureMTL.mm in Sources */ = {isa = PBXBuildFile; fileRef = 2FC4802C224F87D7006BA3D1 /* TextureMTL.mm */; };
		2FC48041224F87D7006BA3D1 /* TextureMTL.h in Headers */ = {isa = PBXBuildFile; fileRef = 2FC4802D224F87D7006BA3D1 /* TextureMTL.h */; };
		2FC48042224F87D7006BA3D1 /* RenderPassMTL.h in Headers */ = {isa = PBXBuildFile; fileRef = 2FC4802E224F87D7006BA3D1 /* RenderPassMTL.h */; };
		2FC48043224F87D7006BA3D1 /* QueueMTL.h in Headers */ = {isa = PBXBuildFile; fileRef = 2FC4802F224F87D7006BA3D1 /* QueueMTL.h */; };
		2FC48044224F87D7006BA3D1 /* RenderPassMTL.mm in Sources */ = {isa = PBXBuildFile; fileRef = 2FC48030224F87D7006BA3D1 /* RenderPassMTL.mm */; };
		2FC48045224F87D7006BA3D1 /* ContextMTL.mm in Sources */ = {isa = PBXBuildFile; fileRef = 2FC48031224F87D7006BA3D1 /* ContextMTL.mm */; };
		2FC48046224F87D7006BA3D1 /* ContextMTL.h in Headers */ = {isa = PBXBuildFile; fileRef = 2FC48032224F87D7006BA3D1 /* ContextMTL.h */; };
		2FC48047224F87D7006BA3D1 /* QueueMTL.mm in Sources */ = {isa = PBXBuildFile; fileRef = 2FC48033224F87D7006BA3D1 /* QueueMTL.mm */; };
		2FC48048224F87D7006BA3D1 /* KsRenderer.h in Headers */ = {isa = PBXBuildFile; fileRef = 2FC48035224F87D7006BA3D1 /* KsRenderer.h */; settings = {ATTRIBUTES = (Public, ); }; };
		2FC48049224F87D7006BA3D1 /* KsApplication.h in Headers */ = {isa = PBXBuildFile; fileRef = 2FC48036224F87D7006BA3D1 /* KsApplication.h */; settings = {ATTRIBUTES = (Public, ); }; };
		2FC4804A224F87D7006BA3D1 /* KsDefine.h in Headers */ = {isa = PBXBuildFile; fileRef = 2FC48037224F87D7006BA3D1 /* KsDefine.h */; settings = {ATTRIBUTES = (Public, ); }; };
/* End PBXBuildFile section */

/* Begin PBXFileReference section */
		2FC47FED224F86FF006BA3D1 /* KsRenderer.framework */ = {isa = PBXFileReference; explicitFileType = wrapper.framework; includeInIndex = 0; path = KsRenderer.framework; sourceTree = BUILT_PRODUCTS_DIR; };
		2FC47FF1224F86FF006BA3D1 /* Info.plist */ = {isa = PBXFileReference; lastKnownFileType = text.plist.xml; path = Info.plist; sourceTree = "<group>"; };
		2FC48024224F87D7006BA3D1 /* MTLTypeMapping.h */ = {isa = PBXFileReference; fileEncoding = 4; lastKnownFileType = sourcecode.c.h; path = MTLTypeMapping.h; sourceTree = "<group>"; };
		2FC48025224F87D7006BA3D1 /* ViewMTL.h */ = {isa = PBXFileReference; fileEncoding = 4; lastKnownFileType = sourcecode.c.h; path = ViewMTL.h; sourceTree = "<group>"; };
		2FC48026224F87D7006BA3D1 /* SwapchainMTL.h */ = {isa = PBXFileReference; fileEncoding = 4; lastKnownFileType = sourcecode.c.h; path = SwapchainMTL.h; sourceTree = "<group>"; };
		2FC48027224F87D7006BA3D1 /* ViewMTL.mm */ = {isa = PBXFileReference; fileEncoding = 4; lastKnownFileType = sourcecode.cpp.objcpp; path = ViewMTL.mm; sourceTree = "<group>"; };
		2FC48028224F87D7006BA3D1 /* BufferMTL.mm */ = {isa = PBXFileReference; fileEncoding = 4; lastKnownFileType = sourcecode.cpp.objcpp; path = BufferMTL.mm; sourceTree = "<group>"; };
		2FC48029224F87D7006BA3D1 /* SwapchainMTL.mm */ = {isa = PBXFileReference; fileEncoding = 4; lastKnownFileType = sourcecode.cpp.objcpp; path = SwapchainMTL.mm; sourceTree = "<group>"; };
		2FC4802A224F87D7006BA3D1 /* MetalInc.h */ = {isa = PBXFileReference; fileEncoding = 4; lastKnownFileType = sourcecode.c.h; path = MetalInc.h; sourceTree = "<group>"; };
		2FC4802B224F87D7006BA3D1 /* BufferMTL.h */ = {isa = PBXFileReference; fileEncoding = 4; lastKnownFileType = sourcecode.c.h; path = BufferMTL.h; sourceTree = "<group>"; };
		2FC4802C224F87D7006BA3D1 /* TextureMTL.mm */ = {isa = PBXFileReference; fileEncoding = 4; lastKnownFileType = sourcecode.cpp.objcpp; path = TextureMTL.mm; sourceTree = "<group>"; };
		2FC4802D224F87D7006BA3D1 /* TextureMTL.h */ = {isa = PBXFileReference; fileEncoding = 4; lastKnownFileType = sourcecode.c.h; path = TextureMTL.h; sourceTree = "<group>"; };
		2FC4802E224F87D7006BA3D1 /* RenderPassMTL.h */ = {isa = PBXFileReference; fileEncoding = 4; lastKnownFileType = sourcecode.c.h; path = RenderPassMTL.h; sourceTree = "<group>"; };
		2FC4802F224F87D7006BA3D1 /* QueueMTL.h */ = {isa = PBXFileReference; fileEncoding = 4; lastKnownFileType = sourcecode.c.h; path = QueueMTL.h; sourceTree = "<group>"; };
		2FC48030224F87D7006BA3D1 /* RenderPassMTL.mm */ = {isa = PBXFileReference; fileEncoding = 4; lastKnownFileType = sourcecode.cpp.objcpp; path = RenderPassMTL.mm; sourceTree = "<group>"; };
		2FC48031224F87D7006BA3D1 /* ContextMTL.mm */ = {isa = PBXFileReference; fileEncoding = 4; lastKnownFileType = sourcecode.cpp.objcpp; path = ContextMTL.mm; sourceTree = "<group>"; };
		2FC48032224F87D7006BA3D1 /* ContextMTL.h */ = {isa = PBXFileReference; fileEncoding = 4; lastKnownFileType = sourcecode.c.h; path = ContextMTL.h; sourceTree = "<group>"; };
		2FC48033224F87D7006BA3D1 /* QueueMTL.mm */ = {isa = PBXFileReference; fileEncoding = 4; lastKnownFileType = sourcecode.cpp.objcpp; path = QueueMTL.mm; sourceTree = "<group>"; };
		2FC48035224F87D7006BA3D1 /* KsRenderer.h */ = {isa = PBXFileReference; fileEncoding = 4; lastKnownFileType = sourcecode.c.h; path = KsRenderer.h; sourceTree = "<group>"; };
		2FC48036224F87D7006BA3D1 /* KsApplication.h */ = {isa = PBXFileReference; fileEncoding = 4; lastKnownFileType = sourcecode.c.h; path = KsApplication.h; sourceTree = "<group>"; };
		2FC48037224F87D7006BA3D1 /* KsDefine.h */ = {isa = PBXFileReference; fileEncoding = 4; lastKnownFileType = sourcecode.c.h; path = KsDefine.h; sourceTree = "<group>"; };
/* End PBXFileReference section */

/* Begin PBXFrameworksBuildPhase section */
		2FC47FEA224F86FF006BA3D1 /* Frameworks */ = {
			isa = PBXFrameworksBuildPhase;
			buildActionMask = 2147483647;
			files = (
			);
			runOnlyForDeploymentPostprocessing = 0;
		};
/* End PBXFrameworksBuildPhase section */

/* Begin PBXGroup section */
		2FC47FE3224F86FF006BA3D1 = {
			isa = PBXGroup;
			children = (
				2FC48034224F87D7006BA3D1 /* common */,
				2FC48022224F87D7006BA3D1 /* renderer */,
				2FC47FEF224F86FF006BA3D1 /* KsRenderer */,
				2FC47FEE224F86FF006BA3D1 /* Products */,
			);
			sourceTree = "<group>";
		};
		2FC47FEE224F86FF006BA3D1 /* Products */ = {
			isa = PBXGroup;
			children = (
				2FC47FED224F86FF006BA3D1 /* KsRenderer.framework */,
			);
			name = Products;
			sourceTree = "<group>";
		};
		2FC47FEF224F86FF006BA3D1 /* KsRenderer */ = {
			isa = PBXGroup;
			children = (
				2FC47FF1224F86FF006BA3D1 /* Info.plist */,
			);
			path = KsRenderer;
			sourceTree = "<group>";
		};
		2FC48022224F87D7006BA3D1 /* renderer */ = {
			isa = PBXGroup;
			children = (
				2FC48023224F87D7006BA3D1 /* metal */,
			);
			path = renderer;
			sourceTree = "<group>";
		};
		2FC48023224F87D7006BA3D1 /* metal */ = {
			isa = PBXGroup;
			children = (
				2FC48024224F87D7006BA3D1 /* MTLTypeMapping.h */,
				2FC48025224F87D7006BA3D1 /* ViewMTL.h */,
				2FC48026224F87D7006BA3D1 /* SwapchainMTL.h */,
				2FC48027224F87D7006BA3D1 /* ViewMTL.mm */,
				2FC48028224F87D7006BA3D1 /* BufferMTL.mm */,
				2FC48029224F87D7006BA3D1 /* SwapchainMTL.mm */,
				2FC4802A224F87D7006BA3D1 /* MetalInc.h */,
				2FC4802B224F87D7006BA3D1 /* BufferMTL.h */,
				2FC4802C224F87D7006BA3D1 /* TextureMTL.mm */,
				2FC4802D224F87D7006BA3D1 /* TextureMTL.h */,
				2FC4802E224F87D7006BA3D1 /* RenderPassMTL.h */,
				2FC48030224F87D7006BA3D1 /* RenderPassMTL.mm */,
				2FC48031224F87D7006BA3D1 /* ContextMTL.mm */,
				2FC48032224F87D7006BA3D1 /* ContextMTL.h */,
				2FC4802F224F87D7006BA3D1 /* QueueMTL.h */,
				2FC48033224F87D7006BA3D1 /* QueueMTL.mm */,
			);
			path = metal;
			sourceTree = "<group>";
		};
		2FC48034224F87D7006BA3D1 /* common */ = {
			isa = PBXGroup;
			children = (
				2FC48035224F87D7006BA3D1 /* KsRenderer.h */,
				2FC48036224F87D7006BA3D1 /* KsApplication.h */,
				2FC48037224F87D7006BA3D1 /* KsDefine.h */,
			);
			path = common;
			sourceTree = "<group>";
		};
/* End PBXGroup section */

/* Begin PBXHeadersBuildPhase section */
		2FC47FE8224F86FF006BA3D1 /* Headers */ = {
			isa = PBXHeadersBuildPhase;
			buildActionMask = 2147483647;
			files = (
				2FC48048224F87D7006BA3D1 /* KsRenderer.h in Headers */,
				2FC48049224F87D7006BA3D1 /* KsApplication.h in Headers */,
				2FC4804A224F87D7006BA3D1 /* KsDefine.h in Headers */,
				2FC48042224F87D7006BA3D1 /* RenderPassMTL.h in Headers */,
				2FC48038224F87D7006BA3D1 /* MTLTypeMapping.h in Headers */,
				2FC4803F224F87D7006BA3D1 /* BufferMTL.h in Headers */,
				2FC48046224F87D7006BA3D1 /* ContextMTL.h in Headers */,
				2FC48043224F87D7006BA3D1 /* QueueMTL.h in Headers */,
				2FC48039224F87D7006BA3D1 /* ViewMTL.h in Headers */,
				2FC4803E224F87D7006BA3D1 /* MetalInc.h in Headers */,
				2FC48041224F87D7006BA3D1 /* TextureMTL.h in Headers */,
				2FC4803A224F87D7006BA3D1 /* SwapchainMTL.h in Headers */,
			);
			runOnlyForDeploymentPostprocessing = 0;
		};
/* End PBXHeadersBuildPhase section */

/* Begin PBXNativeTarget section */
		2FC47FEC224F86FF006BA3D1 /* KsRenderer */ = {
			isa = PBXNativeTarget;
			buildConfigurationList = 2FC47FF5224F86FF006BA3D1 /* Build configuration list for PBXNativeTarget "KsRenderer" */;
			buildPhases = (
				2FC47FE8224F86FF006BA3D1 /* Headers */,
				2FC47FE9224F86FF006BA3D1 /* Sources */,
				2FC47FEA224F86FF006BA3D1 /* Frameworks */,
				2FC47FEB224F86FF006BA3D1 /* Resources */,
			);
			buildRules = (
			);
			dependencies = (
			);
			name = KsRenderer;
			productName = KsRenderer;
			productReference = 2FC47FED224F86FF006BA3D1 /* KsRenderer.framework */;
			productType = "com.apple.product-type.framework";
		};
/* End PBXNativeTarget section */

/* Begin PBXProject section */
		2FC47FE4224F86FF006BA3D1 /* Project object */ = {
			isa = PBXProject;
			attributes = {
				LastUpgradeCheck = 1010;
				ORGANIZATIONNAME = kusugawa;
				TargetAttributes = {
					2FC47FEC224F86FF006BA3D1 = {
						CreatedOnToolsVersion = 10.1;
					};
				};
			};
			buildConfigurationList = 2FC47FE7224F86FF006BA3D1 /* Build configuration list for PBXProject "KsRenderer" */;
			compatibilityVersion = "Xcode 9.3";
			developmentRegion = en;
			hasScannedForEncodings = 0;
			knownRegions = (
				en,
			);
			mainGroup = 2FC47FE3224F86FF006BA3D1;
			productRefGroup = 2FC47FEE224F86FF006BA3D1 /* Products */;
			projectDirPath = "";
			projectRoot = "";
			targets = (
				2FC47FEC224F86FF006BA3D1 /* KsRenderer */,
			);
		};
/* End PBXProject section */

/* Begin PBXResourcesBuildPhase section */
		2FC47FEB224F86FF006BA3D1 /* Resources */ = {
			isa = PBXResourcesBuildPhase;
			buildActionMask = 2147483647;
			files = (
			);
			runOnlyForDeploymentPostprocessing = 0;
		};
/* End PBXResourcesBuildPhase section */

/* Begin PBXSourcesBuildPhase section */
		2FC47FE9224F86FF006BA3D1 /* Sources */ = {
			isa = PBXSourcesBuildPhase;
			buildActionMask = 2147483647;
			files = (
				2FC4803D224F87D7006BA3D1 /* SwapchainMTL.mm in Sources */,
				2FC4803B224F87D7006BA3D1 /* ViewMTL.mm in Sources */,
				2FC4803C224F87D7006BA3D1 /* BufferMTL.mm in Sources */,
				2FC48047224F87D7006BA3D1 /* QueueMTL.mm in Sources */,
				2FC48045224F87D7006BA3D1 /* ContextMTL.mm in Sources */,
				2FC48044224F87D7006BA3D1 /* RenderPassMTL.mm in Sources */,
				2FC48040224F87D7006BA3D1 /* TextureMTL.mm in Sources */,
			);
			runOnlyForDeploymentPostprocessing = 0;
		};
/* End PBXSourcesBuildPhase section */

/* Begin XCBuildConfiguration section */
		2FC47FF3224F86FF006BA3D1 /* Debug */ = {
			isa = XCBuildConfiguration;
			buildSettings = {
				ALWAYS_SEARCH_USER_PATHS = NO;
				CLANG_ANALYZER_NONNULL = YES;
				CLANG_ANALYZER_NUMBER_OBJECT_CONVERSION = YES_AGGRESSIVE;
				CLANG_CXX_LANGUAGE_STANDARD = "gnu++14";
				CLANG_CXX_LIBRARY = "libc++";
				CLANG_ENABLE_MODULES = YES;
				CLANG_ENABLE_OBJC_ARC = YES;
				CLANG_ENABLE_OBJC_WEAK = YES;
				CLANG_WARN_BLOCK_CAPTURE_AUTORELEASING = YES;
				CLANG_WARN_BOOL_CONVERSION = YES;
				CLANG_WARN_COMMA = YES;
				CLANG_WARN_CONSTANT_CONVERSION = YES;
				CLANG_WARN_DEPRECATED_OBJC_IMPLEMENTATIONS = YES;
				CLANG_WARN_DIRECT_OBJC_ISA_USAGE = YES_ERROR;
				CLANG_WARN_DOCUMENTATION_COMMENTS = YES;
				CLANG_WARN_EMPTY_BODY = YES;
				CLANG_WARN_ENUM_CONVERSION = YES;
				CLANG_WARN_INFINITE_RECURSION = YES;
				CLANG_WARN_INT_CONVERSION = YES;
				CLANG_WARN_NON_LITERAL_NULL_CONVERSION = YES;
				CLANG_WARN_OBJC_IMPLICIT_RETAIN_SELF = YES;
				CLANG_WARN_OBJC_LITERAL_CONVERSION = YES;
				CLANG_WARN_OBJC_ROOT_CLASS = YES_ERROR;
				CLANG_WARN_RANGE_LOOP_ANALYSIS = YES;
				CLANG_WARN_STRICT_PROTOTYPES = YES;
				CLANG_WARN_SUSPICIOUS_MOVE = YES;
				CLANG_WARN_UNGUARDED_AVAILABILITY = YES_AGGRESSIVE;
				CLANG_WARN_UNREACHABLE_CODE = YES;
				CLANG_WARN__DUPLICATE_METHOD_MATCH = YES;
				CODE_SIGN_IDENTITY = "-";
				COPY_PHASE_STRIP = NO;
				CURRENT_PROJECT_VERSION = 1;
				DEBUG_INFORMATION_FORMAT = dwarf;
				ENABLE_STRICT_OBJC_MSGSEND = YES;
				ENABLE_TESTABILITY = YES;
				GCC_C_LANGUAGE_STANDARD = gnu11;
				GCC_DYNAMIC_NO_PIC = NO;
				GCC_NO_COMMON_BLOCKS = YES;
				GCC_OPTIMIZATION_LEVEL = 0;
				GCC_PREPROCESSOR_DEFINITIONS = (
					"DEBUG=1",
					"$(inherited)",
				);
				GCC_WARN_64_TO_32_BIT_CONVERSION = YES;
				GCC_WARN_ABOUT_RETURN_TYPE = YES_ERROR;
				GCC_WARN_UNDECLARED_SELECTOR = YES;
				GCC_WARN_UNINITIALIZED_AUTOS = YES_AGGRESSIVE;
				GCC_WARN_UNUSED_FUNCTION = YES;
				GCC_WARN_UNUSED_VARIABLE = YES;
				MACOSX_DEPLOYMENT_TARGET = 10.13;
				MTL_ENABLE_DEBUG_INFO = INCLUDE_SOURCE;
				MTL_FAST_MATH = YES;
				ONLY_ACTIVE_ARCH = YES;
				SDKROOT = macosx;
				VERSIONING_SYSTEM = "apple-generic";
				VERSION_INFO_PREFIX = "";
			};
			name = Debug;
		};
		2FC47FF4224F86FF006BA3D1 /* Release */ = {
			isa = XCBuildConfiguration;
			buildSettings = {
				ALWAYS_SEARCH_USER_PATHS = NO;
				CLANG_ANALYZER_NONNULL = YES;
				CLANG_ANALYZER_NUMBER_OBJECT_CONVERSION = YES_AGGRESSIVE;
				CLANG_CXX_LANGUAGE_STANDARD = "gnu++14";
				CLANG_CXX_LIBRARY = "libc++";
				CLANG_ENABLE_MODULES = YES;
				CLANG_ENABLE_OBJC_ARC = YES;
				CLANG_ENABLE_OBJC_WEAK = YES;
				CLANG_WARN_BLOCK_CAPTURE_AUTORELEASING = YES;
				CLANG_WARN_BOOL_CONVERSION = YES;
				CLANG_WARN_COMMA = YES;
				CLANG_WARN_CONSTANT_CONVERSION = YES;
				CLANG_WARN_DEPRECATED_OBJC_IMPLEMENTATIONS = YES;
				CLANG_WARN_DIRECT_OBJC_ISA_USAGE = YES_ERROR;
				CLANG_WARN_DOCUMENTATION_COMMENTS = YES;
				CLANG_WARN_EMPTY_BODY = YES;
				CLANG_WARN_ENUM_CONVERSION = YES;
				CLANG_WARN_INFINITE_RECURSION = YES;
				CLANG_WARN_INT_CONVERSION = YES;
				CLANG_WARN_NON_LITERAL_NULL_CONVERSION = YES;
				CLANG_WARN_OBJC_IMPLICIT_RETAIN_SELF = YES;
				CLANG_WARN_OBJC_LITERAL_CONVERSION = YES;
				CLANG_WARN_OBJC_ROOT_CLASS = YES_ERROR;
				CLANG_WARN_RANGE_LOOP_ANALYSIS = YES;
				CLANG_WARN_STRICT_PROTOTYPES = YES;
				CLANG_WARN_SUSPICIOUS_MOVE = YES;
				CLANG_WARN_UNGUARDED_AVAILABILITY = YES_AGGRESSIVE;
				CLANG_WARN_UNREACHABLE_CODE = YES;
				CLANG_WARN__DUPLICATE_METHOD_MATCH = YES;
				CODE_SIGN_IDENTITY = "-";
				COPY_PHASE_STRIP = NO;
				CURRENT_PROJECT_VERSION = 1;
				DEBUG_INFORMATION_FORMAT = "dwarf-with-dsym";
				ENABLE_NS_ASSERTIONS = NO;
				ENABLE_STRICT_OBJC_MSGSEND = YES;
				GCC_C_LANGUAGE_STANDARD = gnu11;
				GCC_NO_COMMON_BLOCKS = YES;
				GCC_WARN_64_TO_32_BIT_CONVERSION = YES;
				GCC_WARN_ABOUT_RETURN_TYPE = YES_ERROR;
				GCC_WARN_UNDECLARED_SELECTOR = YES;
				GCC_WARN_UNINITIALIZED_AUTOS = YES_AGGRESSIVE;
				GCC_WARN_UNUSED_FUNCTION = YES;
				GCC_WARN_UNUSED_VARIABLE = YES;
				MACOSX_DEPLOYMENT_TARGET = 10.13;
				MTL_ENABLE_DEBUG_INFO = NO;
				MTL_FAST_MATH = YES;
				SDKROOT = macosx;
				VERSIONING_SYSTEM = "apple-generic";
				VERSION_INFO_PREFIX = "";
			};
			name = Release;
		};
		2FC47FF6224F86FF006BA3D1 /* Debug */ = {
			isa = XCBuildConfiguration;
			buildSettings = {
				CODE_SIGN_IDENTITY = "";
				CODE_SIGN_STYLE = Automatic;
				COMBINE_HIDPI_IMAGES = YES;
				DEFINES_MODULE = YES;
				DYLIB_COMPATIBILITY_VERSION = 1;
				DYLIB_CURRENT_VERSION = 1;
				DYLIB_INSTALL_NAME_BASE = "@rpath";
				FRAMEWORK_VERSION = A;
				INFOPLIST_FILE = KsRenderer/Info.plist;
				INSTALL_PATH = "$(LOCAL_LIBRARY_DIR)/Frameworks";
				LD_RUNPATH_SEARCH_PATHS = (
					"$(inherited)",
					"@executable_path/../Frameworks",
					"@loader_path/Frameworks",
				);
				MACH_O_TYPE = staticlib;
				PRODUCT_BUNDLE_IDENTIFIER = kusugawa.KsRenderer;
				PRODUCT_NAME = "$(TARGET_NAME:c99extidentifier)";
				SKIP_INSTALL = YES;
				USER_HEADER_SEARCH_PATHS = "$(SRCROOT)/common";
			};
			name = Debug;
		};
		2FC47FF7224F86FF006BA3D1 /* Release */ = {
			isa = XCBuildConfiguration;
			buildSettings = {
				CODE_SIGN_IDENTITY = "";
				CODE_SIGN_STYLE = Automatic;
				COMBINE_HIDPI_IMAGES = YES;
				DEFINES_MODULE = YES;
				DYLIB_COMPATIBILITY_VERSION = 1;
				DYLIB_CURRENT_VERSION = 1;
				DYLIB_INSTALL_NAME_BASE = "@rpath";
				FRAMEWORK_VERSION = A;
				INFOPLIST_FILE = KsRenderer/Info.plist;
				INSTALL_PATH = "$(LOCAL_LIBRARY_DIR)/Frameworks";
				LD_RUNPATH_SEARCH_PATHS = (
					"$(inherited)",
					"@executable_path/../Frameworks",
					"@loader_path/Frameworks",
				);
				MACH_O_TYPE = staticlib;
				PRODUCT_BUNDLE_IDENTIFIER = kusugawa.KsRenderer;
				PRODUCT_NAME = "$(TARGET_NAME:c99extidentifier)";
				SKIP_INSTALL = YES;
				USER_HEADER_SEARCH_PATHS = "$(SRCROOT)/common";
			};
			name = Release;
		};
/* End XCBuildConfiguration section */

/* Begin XCConfigurationList section */
		2FC47FE7224F86FF006BA3D1 /* Build configuration list for PBXProject "KsRenderer" */ = {
			isa = XCConfigurationList;
			buildConfigurations = (
				2FC47FF3224F86FF006BA3D1 /* Debug */,
				2FC47FF4224F86FF006BA3D1 /* Release */,
			);
			defaultConfigurationIsVisible = 0;
			defaultConfigurationName = Release;
		};
		2FC47FF5224F86FF006BA3D1 /* Build configuration list for PBXNativeTarget "KsRenderer" */ = {
			isa = XCConfigurationList;
			buildConfigurations = (
				2FC47FF6224F86FF006BA3D1 /* Debug */,
				2FC47FF7224F86FF006BA3D1 /* Release */,
			);
			defaultConfigurationIsVisible = 0;
			defaultConfigurationName = Release;
		};
/* End XCConfigurationList section */
	};
	rootObject = 2FC47FE4224F86FF006BA3D1 /* Project object */;
}
