// !$*UTF8*$!
{
	archiveVersion = 1;
	classes = {
	};
	objectVersion = 50;
	objects = {

/* Begin PBXBuildFile section */
		2F467DD222465FB1005CDE71 /* ViewMTL.mm in Sources */ = {isa = PBXBuildFile; fileRef = 2F467DD022465FB1005CDE71 /* ViewMTL.mm */; };
		2F467DD322465FB1005CDE71 /* ViewMTL.h in Headers */ = {isa = PBXBuildFile; fileRef = 2F467DD122465FB1005CDE71 /* ViewMTL.h */; };
		2F6A50AE224D2F5C009C9A17 /* SwapchainMTL.mm in Sources */ = {isa = PBXBuildFile; fileRef = 2F6A50AC224D2F5C009C9A17 /* SwapchainMTL.mm */; };
		2F6A50AF224D2F5C009C9A17 /* SwapchainMTL.h in Headers */ = {isa = PBXBuildFile; fileRef = 2F6A50AD224D2F5C009C9A17 /* SwapchainMTL.h */; };
		2FBE20C622468621007CEA26 /* MTLTypeMapping.mm in Headers */ = {isa = PBXBuildFile; fileRef = 2FBE20C522468621007CEA26 /* MTLTypeMapping.mm */; };
		2FE3591B22452A9300F70555 /* ContextMTL.mm in Sources */ = {isa = PBXBuildFile; fileRef = 2FE3591922452A9300F70555 /* ContextMTL.mm */; };
		2FE3591C22452A9300F70555 /* ContextMTL.h in Headers */ = {isa = PBXBuildFile; fileRef = 2FE3591A22452A9300F70555 /* ContextMTL.h */; };
		2FE3591F22452AC300F70555 /* QueueMTL.mm in Sources */ = {isa = PBXBuildFile; fileRef = 2FE3591D22452AC300F70555 /* QueueMTL.mm */; };
		2FE3592022452AC300F70555 /* QueueMTL.h in Headers */ = {isa = PBXBuildFile; fileRef = 2FE3591E22452AC300F70555 /* QueueMTL.h */; };
		2FEF3B452245269F00EE36AD /* RenderPass.h in Headers */ = {isa = PBXBuildFile; fileRef = 2FEF3B412245269E00EE36AD /* RenderPass.h */; };
		2FEF3B462245269F00EE36AD /* TextureMTL.h in Headers */ = {isa = PBXBuildFile; fileRef = 2FEF3B422245269F00EE36AD /* TextureMTL.h */; };
		2FEF3B472245269F00EE36AD /* RenderPass.mm in Sources */ = {isa = PBXBuildFile; fileRef = 2FEF3B432245269F00EE36AD /* RenderPass.mm */; };
		2FEF3B482245269F00EE36AD /* TextureMTL.mm in Sources */ = {isa = PBXBuildFile; fileRef = 2FEF3B442245269F00EE36AD /* TextureMTL.mm */; };
		2FEF3B4A2245275500EE36AD /* MetalInc.h in Headers */ = {isa = PBXBuildFile; fileRef = 2FEF3B492245275500EE36AD /* MetalInc.h */; };
		2FFAC04B2247BC8700CE0646 /* BufferMTL.mm in Sources */ = {isa = PBXBuildFile; fileRef = 2FFAC0492247BC8700CE0646 /* BufferMTL.mm */; };
		2FFAC04C2247BC8700CE0646 /* BufferMTL.h in Headers */ = {isa = PBXBuildFile; fileRef = 2FFAC04A2247BC8700CE0646 /* BufferMTL.h */; };
/* End PBXBuildFile section */

/* Begin PBXFileReference section */
		2F467DD022465FB1005CDE71 /* ViewMTL.mm */ = {isa = PBXFileReference; lastKnownFileType = sourcecode.cpp.objcpp; name = ViewMTL.mm; path = ../../renderer/metal/ViewMTL.mm; sourceTree = "<group>"; };
		2F467DD122465FB1005CDE71 /* ViewMTL.h */ = {isa = PBXFileReference; lastKnownFileType = sourcecode.c.h; name = ViewMTL.h; path = ../../renderer/metal/ViewMTL.h; sourceTree = "<group>"; };
		2F6A50AC224D2F5C009C9A17 /* SwapchainMTL.mm */ = {isa = PBXFileReference; lastKnownFileType = sourcecode.cpp.objcpp; name = SwapchainMTL.mm; path = ../../renderer/metal/SwapchainMTL.mm; sourceTree = "<group>"; };
		2F6A50AD224D2F5C009C9A17 /* SwapchainMTL.h */ = {isa = PBXFileReference; lastKnownFileType = sourcecode.c.h; name = SwapchainMTL.h; path = ../../renderer/metal/SwapchainMTL.h; sourceTree = "<group>"; };
		2FBE20C522468621007CEA26 /* MTLTypeMapping.mm */ = {isa = PBXFileReference; lastKnownFileType = sourcecode.cpp.objcpp; name = MTLTypeMapping.mm; path = ../../renderer/metal/MTLTypeMapping.mm; sourceTree = "<group>"; };
		2FE3591922452A9300F70555 /* ContextMTL.mm */ = {isa = PBXFileReference; lastKnownFileType = sourcecode.cpp.objcpp; name = ContextMTL.mm; path = ../../renderer/metal/ContextMTL.mm; sourceTree = "<group>"; };
		2FE3591A22452A9300F70555 /* ContextMTL.h */ = {isa = PBXFileReference; lastKnownFileType = sourcecode.c.h; name = ContextMTL.h; path = ../../renderer/metal/ContextMTL.h; sourceTree = "<group>"; };
		2FE3591D22452AC300F70555 /* QueueMTL.mm */ = {isa = PBXFileReference; lastKnownFileType = sourcecode.cpp.objcpp; name = QueueMTL.mm; path = ../../renderer/metal/QueueMTL.mm; sourceTree = "<group>"; };
		2FE3591E22452AC300F70555 /* QueueMTL.h */ = {isa = PBXFileReference; lastKnownFileType = sourcecode.c.h; name = QueueMTL.h; path = ../../renderer/metal/QueueMTL.h; sourceTree = "<group>"; };
		2FEF3B0A2245250200EE36AD /* libRendererMTL.a */ = {isa = PBXFileReference; explicitFileType = archive.ar; includeInIndex = 0; path = libRendererMTL.a; sourceTree = BUILT_PRODUCTS_DIR; };
		2FEF3B412245269E00EE36AD /* RenderPass.h */ = {isa = PBXFileReference; fileEncoding = 4; lastKnownFileType = sourcecode.c.h; name = RenderPass.h; path = ../../renderer/metal/RenderPass.h; sourceTree = "<group>"; };
		2FEF3B422245269F00EE36AD /* TextureMTL.h */ = {isa = PBXFileReference; fileEncoding = 4; lastKnownFileType = sourcecode.c.h; name = TextureMTL.h; path = ../../renderer/metal/TextureMTL.h; sourceTree = "<group>"; };
		2FEF3B432245269F00EE36AD /* RenderPass.mm */ = {isa = PBXFileReference; fileEncoding = 4; lastKnownFileType = sourcecode.cpp.objcpp; name = RenderPass.mm; path = ../../renderer/metal/RenderPass.mm; sourceTree = "<group>"; };
		2FEF3B442245269F00EE36AD /* TextureMTL.mm */ = {isa = PBXFileReference; fileEncoding = 4; lastKnownFileType = sourcecode.cpp.objcpp; name = TextureMTL.mm; path = ../../renderer/metal/TextureMTL.mm; sourceTree = "<group>"; };
		2FEF3B492245275500EE36AD /* MetalInc.h */ = {isa = PBXFileReference; fileEncoding = 4; lastKnownFileType = sourcecode.c.h; name = MetalInc.h; path = ../../renderer/metal/MetalInc.h; sourceTree = "<group>"; };
		2FFAC0492247BC8700CE0646 /* BufferMTL.mm */ = {isa = PBXFileReference; lastKnownFileType = sourcecode.cpp.objcpp; name = BufferMTL.mm; path = ../../renderer/metal/BufferMTL.mm; sourceTree = "<group>"; };
		2FFAC04A2247BC8700CE0646 /* BufferMTL.h */ = {isa = PBXFileReference; lastKnownFileType = sourcecode.c.h; name = BufferMTL.h; path = ../../renderer/metal/BufferMTL.h; sourceTree = "<group>"; };
/* End PBXFileReference section */

/* Begin PBXFrameworksBuildPhase section */
		2FEF3B082245250200EE36AD /* Frameworks */ = {
			isa = PBXFrameworksBuildPhase;
			buildActionMask = 2147483647;
			files = (
			);
			runOnlyForDeploymentPostprocessing = 0;
		};
/* End PBXFrameworksBuildPhase section */

/* Begin PBXGroup section */
		2FEF3B012245250200EE36AD = {
			isa = PBXGroup;
			children = (
				2FEF3B382245266600EE36AD /* source */,
				2FEF3B0C2245250200EE36AD /* RendererMTL */,
				2FEF3B0B2245250200EE36AD /* Products */,
			);
			sourceTree = "<group>";
		};
		2FEF3B0B2245250200EE36AD /* Products */ = {
			isa = PBXGroup;
			children = (
				2FEF3B0A2245250200EE36AD /* libRendererMTL.a */,
			);
			name = Products;
			sourceTree = "<group>";
		};
		2FEF3B0C2245250200EE36AD /* RendererMTL */ = {
			isa = PBXGroup;
			children = (
			);
			path = RendererMTL;
			sourceTree = "<group>";
		};
		2FEF3B382245266600EE36AD /* source */ = {
			isa = PBXGroup;
			children = (
				2FEF3B492245275500EE36AD /* MetalInc.h */,
				2FEF3B412245269E00EE36AD /* RenderPass.h */,
				2FEF3B432245269F00EE36AD /* RenderPass.mm */,
				2FEF3B422245269F00EE36AD /* TextureMTL.h */,
				2FEF3B442245269F00EE36AD /* TextureMTL.mm */,
				2FE3591922452A9300F70555 /* ContextMTL.mm */,
				2FE3591A22452A9300F70555 /* ContextMTL.h */,
				2FE3591D22452AC300F70555 /* QueueMTL.mm */,
				2FE3591E22452AC300F70555 /* QueueMTL.h */,
				2F467DD022465FB1005CDE71 /* ViewMTL.mm */,
				2F467DD122465FB1005CDE71 /* ViewMTL.h */,
				2FBE20C522468621007CEA26 /* MTLTypeMapping.mm */,
				2FFAC0492247BC8700CE0646 /* BufferMTL.mm */,
				2FFAC04A2247BC8700CE0646 /* BufferMTL.h */,
				2F6A50AC224D2F5C009C9A17 /* SwapchainMTL.mm */,
				2F6A50AD224D2F5C009C9A17 /* SwapchainMTL.h */,
			);
			name = source;
			sourceTree = "<group>";
		};
/* End PBXGroup section */

/* Begin PBXHeadersBuildPhase section */
		2FEF3B062245250200EE36AD /* Headers */ = {
			isa = PBXHeadersBuildPhase;
			buildActionMask = 2147483647;
			files = (
				2FEF3B462245269F00EE36AD /* TextureMTL.h in Headers */,
				2FEF3B452245269F00EE36AD /* RenderPass.h in Headers */,
				2FFAC04C2247BC8700CE0646 /* BufferMTL.h in Headers */,
				2FE3591C22452A9300F70555 /* ContextMTL.h in Headers */,
				2F467DD322465FB1005CDE71 /* ViewMTL.h in Headers */,
				2FE3592022452AC300F70555 /* QueueMTL.h in Headers */,
				2F6A50AF224D2F5C009C9A17 /* SwapchainMTL.h in Headers */,
				2FBE20C622468621007CEA26 /* MTLTypeMapping.mm in Headers */,
				2FEF3B4A2245275500EE36AD /* MetalInc.h in Headers */,
			);
			runOnlyForDeploymentPostprocessing = 0;
		};
/* End PBXHeadersBuildPhase section */

/* Begin PBXNativeTarget section */
		2FEF3B092245250200EE36AD /* RendererMTL */ = {
			isa = PBXNativeTarget;
			buildConfigurationList = 2FEF3B132245250200EE36AD /* Build configuration list for PBXNativeTarget "RendererMTL" */;
			buildPhases = (
				2FEF3B062245250200EE36AD /* Headers */,
				2FEF3B072245250200EE36AD /* Sources */,
				2FEF3B082245250200EE36AD /* Frameworks */,
			);
			buildRules = (
			);
			dependencies = (
			);
			name = RendererMTL;
			productName = RendererMTL;
			productReference = 2FEF3B0A2245250200EE36AD /* libRendererMTL.a */;
			productType = "com.apple.product-type.library.static";
		};
/* End PBXNativeTarget section */

/* Begin PBXProject section */
		2FEF3B022245250200EE36AD /* Project object */ = {
			isa = PBXProject;
			attributes = {
				LastUpgradeCheck = 1010;
				ORGANIZATIONNAME = kusugawa;
				TargetAttributes = {
					2FEF3B092245250200EE36AD = {
						CreatedOnToolsVersion = 10.1;
					};
				};
			};
			buildConfigurationList = 2FEF3B052245250200EE36AD /* Build configuration list for PBXProject "RendererMTL" */;
			compatibilityVersion = "Xcode 9.3";
			developmentRegion = en;
			hasScannedForEncodings = 0;
			knownRegions = (
				en,
			);
			mainGroup = 2FEF3B012245250200EE36AD;
			productRefGroup = 2FEF3B0B2245250200EE36AD /* Products */;
			projectDirPath = "";
			projectRoot = "";
			targets = (
				2FEF3B092245250200EE36AD /* RendererMTL */,
			);
		};
/* End PBXProject section */

/* Begin PBXSourcesBuildPhase section */
		2FEF3B072245250200EE36AD /* Sources */ = {
			isa = PBXSourcesBuildPhase;
			buildActionMask = 2147483647;
			files = (
				2FEF3B472245269F00EE36AD /* RenderPass.mm in Sources */,
				2F467DD222465FB1005CDE71 /* ViewMTL.mm in Sources */,
				2FE3591B22452A9300F70555 /* ContextMTL.mm in Sources */,
				2F6A50AE224D2F5C009C9A17 /* SwapchainMTL.mm in Sources */,
				2FFAC04B2247BC8700CE0646 /* BufferMTL.mm in Sources */,
				2FEF3B482245269F00EE36AD /* TextureMTL.mm in Sources */,
				2FE3591F22452AC300F70555 /* QueueMTL.mm in Sources */,
			);
			runOnlyForDeploymentPostprocessing = 0;
		};
/* End PBXSourcesBuildPhase section */

/* Begin XCBuildConfiguration section */
		2FEF3B112245250200EE36AD /* Debug */ = {
			isa = XCBuildConfiguration;
			buildSettings = {
				ALWAYS_SEARCH_USER_PATHS = NO;
				CLANG_ANALYZER_NONNULL = YES;
				CLANG_ANALYZER_NUMBER_OBJECT_CONVERSION = YES_AGGRESSIVE;
				CLANG_CXX_LANGUAGE_STANDARD = "gnu++14";
				CLANG_CXX_LIBRARY = "libc++";
				CLANG_ENABLE_MODULES = YES;
				CLANG_ENABLE_OBJC_ARC = YES;
				CLANG_ENABLE_OBJC_WEAK = YES;
				CLANG_WARN_BLOCK_CAPTURE_AUTORELEASING = YES;
				CLANG_WARN_BOOL_CONVERSION = YES;
				CLANG_WARN_COMMA = YES;
				CLANG_WARN_CONSTANT_CONVERSION = YES;
				CLANG_WARN_DEPRECATED_OBJC_IMPLEMENTATIONS = YES;
				CLANG_WARN_DIRECT_OBJC_ISA_USAGE = YES_ERROR;
				CLANG_WARN_DOCUMENTATION_COMMENTS = YES;
				CLANG_WARN_EMPTY_BODY = YES;
				CLANG_WARN_ENUM_CONVERSION = YES;
				CLANG_WARN_INFINITE_RECURSION = YES;
				CLANG_WARN_INT_CONVERSION = YES;
				CLANG_WARN_NON_LITERAL_NULL_CONVERSION = YES;
				CLANG_WARN_OBJC_IMPLICIT_RETAIN_SELF = YES;
				CLANG_WARN_OBJC_LITERAL_CONVERSION = YES;
				CLANG_WARN_OBJC_ROOT_CLASS = YES_ERROR;
				CLANG_WARN_RANGE_LOOP_ANALYSIS = YES;
				CLANG_WARN_STRICT_PROTOTYPES = YES;
				CLANG_WARN_SUSPICIOUS_MOVE = YES;
				CLANG_WARN_UNGUARDED_AVAILABILITY = YES_AGGRESSIVE;
				CLANG_WARN_UNREACHABLE_CODE = YES;
				CLANG_WARN__DUPLICATE_METHOD_MATCH = YES;
				CODE_SIGN_IDENTITY = "-";
				COPY_PHASE_STRIP = NO;
				DEBUG_INFORMATION_FORMAT = dwarf;
				ENABLE_STRICT_OBJC_MSGSEND = YES;
				ENABLE_TESTABILITY = YES;
				GCC_C_LANGUAGE_STANDARD = gnu11;
				GCC_DYNAMIC_NO_PIC = NO;
				GCC_NO_COMMON_BLOCKS = YES;
				GCC_OPTIMIZATION_LEVEL = 0;
				GCC_PREPROCESSOR_DEFINITIONS = (
					"DEBUG=1",
					"$(inherited)",
				);
				GCC_WARN_64_TO_32_BIT_CONVERSION = YES;
				GCC_WARN_ABOUT_RETURN_TYPE = YES_ERROR;
				GCC_WARN_UNDECLARED_SELECTOR = YES;
				GCC_WARN_UNINITIALIZED_AUTOS = YES_AGGRESSIVE;
				GCC_WARN_UNUSED_FUNCTION = YES;
				GCC_WARN_UNUSED_VARIABLE = YES;
				MACOSX_DEPLOYMENT_TARGET = 10.13;
				MTL_ENABLE_DEBUG_INFO = INCLUDE_SOURCE;
				MTL_FAST_MATH = YES;
				ONLY_ACTIVE_ARCH = YES;
				SDKROOT = macosx;
			};
			name = Debug;
		};
		2FEF3B122245250200EE36AD /* Release */ = {
			isa = XCBuildConfiguration;
			buildSettings = {
				ALWAYS_SEARCH_USER_PATHS = NO;
				CLANG_ANALYZER_NONNULL = YES;
				CLANG_ANALYZER_NUMBER_OBJECT_CONVERSION = YES_AGGRESSIVE;
				CLANG_CXX_LANGUAGE_STANDARD = "gnu++14";
				CLANG_CXX_LIBRARY = "libc++";
				CLANG_ENABLE_MODULES = YES;
				CLANG_ENABLE_OBJC_ARC = YES;
				CLANG_ENABLE_OBJC_WEAK = YES;
				CLANG_WARN_BLOCK_CAPTURE_AUTORELEASING = YES;
				CLANG_WARN_BOOL_CONVERSION = YES;
				CLANG_WARN_COMMA = YES;
				CLANG_WARN_CONSTANT_CONVERSION = YES;
				CLANG_WARN_DEPRECATED_OBJC_IMPLEMENTATIONS = YES;
				CLANG_WARN_DIRECT_OBJC_ISA_USAGE = YES_ERROR;
				CLANG_WARN_DOCUMENTATION_COMMENTS = YES;
				CLANG_WARN_EMPTY_BODY = YES;
				CLANG_WARN_ENUM_CONVERSION = YES;
				CLANG_WARN_INFINITE_RECURSION = YES;
				CLANG_WARN_INT_CONVERSION = YES;
				CLANG_WARN_NON_LITERAL_NULL_CONVERSION = YES;
				CLANG_WARN_OBJC_IMPLICIT_RETAIN_SELF = YES;
				CLANG_WARN_OBJC_LITERAL_CONVERSION = YES;
				CLANG_WARN_OBJC_ROOT_CLASS = YES_ERROR;
				CLANG_WARN_RANGE_LOOP_ANALYSIS = YES;
				CLANG_WARN_STRICT_PROTOTYPES = YES;
				CLANG_WARN_SUSPICIOUS_MOVE = YES;
				CLANG_WARN_UNGUARDED_AVAILABILITY = YES_AGGRESSIVE;
				CLANG_WARN_UNREACHABLE_CODE = YES;
				CLANG_WARN__DUPLICATE_METHOD_MATCH = YES;
				CODE_SIGN_IDENTITY = "-";
				COPY_PHASE_STRIP = NO;
				DEBUG_INFORMATION_FORMAT = "dwarf-with-dsym";
				ENABLE_NS_ASSERTIONS = NO;
				ENABLE_STRICT_OBJC_MSGSEND = YES;
				GCC_C_LANGUAGE_STANDARD = gnu11;
				GCC_NO_COMMON_BLOCKS = YES;
				GCC_WARN_64_TO_32_BIT_CONVERSION = YES;
				GCC_WARN_ABOUT_RETURN_TYPE = YES_ERROR;
				GCC_WARN_UNDECLARED_SELECTOR = YES;
				GCC_WARN_UNINITIALIZED_AUTOS = YES_AGGRESSIVE;
				GCC_WARN_UNUSED_FUNCTION = YES;
				GCC_WARN_UNUSED_VARIABLE = YES;
				MACOSX_DEPLOYMENT_TARGET = 10.13;
				MTL_ENABLE_DEBUG_INFO = NO;
				MTL_FAST_MATH = YES;
				SDKROOT = macosx;
			};
			name = Release;
		};
		2FEF3B142245250200EE36AD /* Debug */ = {
			isa = XCBuildConfiguration;
			buildSettings = {
				CODE_SIGN_STYLE = Automatic;
				EXECUTABLE_PREFIX = lib;
				HEADER_SEARCH_PATHS = "$(SRCROOT)/../../common";
				PRODUCT_NAME = "$(TARGET_NAME)";
				SKIP_INSTALL = YES;
			};
			name = Debug;
		};
		2FEF3B152245250200EE36AD /* Release */ = {
			isa = XCBuildConfiguration;
			buildSettings = {
				CODE_SIGN_STYLE = Automatic;
				EXECUTABLE_PREFIX = lib;
				HEADER_SEARCH_PATHS = "$(SRCROOT)/../../common";
				PRODUCT_NAME = "$(TARGET_NAME)";
				SKIP_INSTALL = YES;
			};
			name = Release;
		};
/* End XCBuildConfiguration section */

/* Begin XCConfigurationList section */
		2FEF3B052245250200EE36AD /* Build configuration list for PBXProject "RendererMTL" */ = {
			isa = XCConfigurationList;
			buildConfigurations = (
				2FEF3B112245250200EE36AD /* Debug */,
				2FEF3B122245250200EE36AD /* Release */,
			);
			defaultConfigurationIsVisible = 0;
			defaultConfigurationName = Release;
		};
		2FEF3B132245250200EE36AD /* Build configuration list for PBXNativeTarget "RendererMTL" */ = {
			isa = XCConfigurationList;
			buildConfigurations = (
				2FEF3B142245250200EE36AD /* Debug */,
				2FEF3B152245250200EE36AD /* Release */,
			);
			defaultConfigurationIsVisible = 0;
			defaultConfigurationName = Release;
		};
/* End XCConfigurationList section */
	};
	rootObject = 2FEF3B022245250200EE36AD /* Project object */;
}
